// !$*UTF8*$!
{
	archiveVersion = 1;
	classes = {
	};
	objectVersion = 56;
	objects = {

/* Begin PBXBuildFile section */
		9B3436BE64F3FFBCB3843D1F /* Pods_Project.framework in Frameworks */ = {isa = PBXBuildFile; fileRef = 980E587EC5D843D3B8ED82AC /* Pods_Project.framework */; };
		FFC42C1C2AFB67E800935F5D /* AppDelegate.swift in Sources */ = {isa = PBXBuildFile; fileRef = FFC42C1B2AFB67E800935F5D /* AppDelegate.swift */; };
		FFC42C1E2AFB67E800935F5D /* SceneDelegate.swift in Sources */ = {isa = PBXBuildFile; fileRef = FFC42C1D2AFB67E800935F5D /* SceneDelegate.swift */; };
		FFC42C232AFB67E800935F5D /* Main.storyboard in Resources */ = {isa = PBXBuildFile; fileRef = FFC42C212AFB67E800935F5D /* Main.storyboard */; };
		FFC42C252AFB67EA00935F5D /* Assets.xcassets in Resources */ = {isa = PBXBuildFile; fileRef = FFC42C242AFB67EA00935F5D /* Assets.xcassets */; };
		FFC42C302AFB6DB600935F5D /* ProductViewController.swift in Sources */ = {isa = PBXBuildFile; fileRef = FFC42C2F2AFB6DB600935F5D /* ProductViewController.swift */; };
		FFC42C322AFB6DD900935F5D /* LikesViewController.swift in Sources */ = {isa = PBXBuildFile; fileRef = FFC42C312AFB6DD900935F5D /* LikesViewController.swift */; };
		FFC42C342AFB6DF400935F5D /* ProfileViewController.swift in Sources */ = {isa = PBXBuildFile; fileRef = FFC42C332AFB6DF400935F5D /* ProfileViewController.swift */; };
		FFC42C362AFB754A00935F5D /* AppTabbarController.swift in Sources */ = {isa = PBXBuildFile; fileRef = FFC42C352AFB754A00935F5D /* AppTabbarController.swift */; };
		FFF55B012AFB9E530057FD98 /* LoginViewController.swift in Sources */ = {isa = PBXBuildFile; fileRef = FFF55B002AFB9E530057FD98 /* LoginViewController.swift */; };
		FFF55B042AFBAB7F0057FD98 /* UserModel.swift in Sources */ = {isa = PBXBuildFile; fileRef = FFF55B032AFBAB7F0057FD98 /* UserModel.swift */; };
		FFF55B062AFBB62C0057FD98 /* Util.swift in Sources */ = {isa = PBXBuildFile; fileRef = FFF55B052AFBB62C0057FD98 /* Util.swift */; };
		FFF55B082AFBC1E30057FD98 /* WelcomeViewController.swift in Sources */ = {isa = PBXBuildFile; fileRef = FFF55B072AFBC1E30057FD98 /* WelcomeViewController.swift */; };
/* End PBXBuildFile section */

/* Begin PBXFileReference section */
		88C25BEDBC6E1194A9F7BA7D /* Pods-Project.release.xcconfig */ = {isa = PBXFileReference; includeInIndex = 1; lastKnownFileType = text.xcconfig; name = "Pods-Project.release.xcconfig"; path = "Target Support Files/Pods-Project/Pods-Project.release.xcconfig"; sourceTree = "<group>"; };
		980E587EC5D843D3B8ED82AC /* Pods_Project.framework */ = {isa = PBXFileReference; explicitFileType = wrapper.framework; includeInIndex = 0; path = Pods_Project.framework; sourceTree = BUILT_PRODUCTS_DIR; };
		B7DE6931F24503B76E9A382A /* Pods-Project.debug.xcconfig */ = {isa = PBXFileReference; includeInIndex = 1; lastKnownFileType = text.xcconfig; name = "Pods-Project.debug.xcconfig"; path = "Target Support Files/Pods-Project/Pods-Project.debug.xcconfig"; sourceTree = "<group>"; };
		FFC42C182AFB67E800935F5D /* Project.app */ = {isa = PBXFileReference; explicitFileType = wrapper.application; includeInIndex = 0; path = Project.app; sourceTree = BUILT_PRODUCTS_DIR; };
		FFC42C1B2AFB67E800935F5D /* AppDelegate.swift */ = {isa = PBXFileReference; lastKnownFileType = sourcecode.swift; path = AppDelegate.swift; sourceTree = "<group>"; };
		FFC42C1D2AFB67E800935F5D /* SceneDelegate.swift */ = {isa = PBXFileReference; lastKnownFileType = sourcecode.swift; path = SceneDelegate.swift; sourceTree = "<group>"; };
		FFC42C222AFB67E800935F5D /* Base */ = {isa = PBXFileReference; lastKnownFileType = file.storyboard; name = Base; path = Base.lproj/Main.storyboard; sourceTree = "<group>"; };
		FFC42C242AFB67EA00935F5D /* Assets.xcassets */ = {isa = PBXFileReference; lastKnownFileType = folder.assetcatalog; path = Assets.xcassets; sourceTree = "<group>"; };
		FFC42C292AFB67EA00935F5D /* Info.plist */ = {isa = PBXFileReference; lastKnownFileType = text.plist.xml; path = Info.plist; sourceTree = "<group>"; };
		FFC42C2F2AFB6DB600935F5D /* ProductViewController.swift */ = {isa = PBXFileReference; lastKnownFileType = sourcecode.swift; path = ProductViewController.swift; sourceTree = "<group>"; };
		FFC42C312AFB6DD900935F5D /* LikesViewController.swift */ = {isa = PBXFileReference; lastKnownFileType = sourcecode.swift; path = LikesViewController.swift; sourceTree = "<group>"; };
		FFC42C332AFB6DF400935F5D /* ProfileViewController.swift */ = {isa = PBXFileReference; lastKnownFileType = sourcecode.swift; path = ProfileViewController.swift; sourceTree = "<group>"; };
		FFC42C352AFB754A00935F5D /* AppTabbarController.swift */ = {isa = PBXFileReference; lastKnownFileType = sourcecode.swift; path = AppTabbarController.swift; sourceTree = "<group>"; };
		FFF55B002AFB9E530057FD98 /* LoginViewController.swift */ = {isa = PBXFileReference; lastKnownFileType = sourcecode.swift; path = LoginViewController.swift; sourceTree = "<group>"; };
		FFF55B032AFBAB7F0057FD98 /* UserModel.swift */ = {isa = PBXFileReference; lastKnownFileType = sourcecode.swift; path = UserModel.swift; sourceTree = "<group>"; };
		FFF55B052AFBB62C0057FD98 /* Util.swift */ = {isa = PBXFileReference; lastKnownFileType = sourcecode.swift; path = Util.swift; sourceTree = "<group>"; };
		FFF55B072AFBC1E30057FD98 /* WelcomeViewController.swift */ = {isa = PBXFileReference; lastKnownFileType = sourcecode.swift; path = WelcomeViewController.swift; sourceTree = "<group>"; };
/* End PBXFileReference section */

/* Begin PBXFrameworksBuildPhase section */
		FFC42C152AFB67E800935F5D /* Frameworks */ = {
			isa = PBXFrameworksBuildPhase;
			buildActionMask = 2147483647;
			files = (
				9B3436BE64F3FFBCB3843D1F /* Pods_Project.framework in Frameworks */,
			);
			runOnlyForDeploymentPostprocessing = 0;
		};
/* End PBXFrameworksBuildPhase section */

/* Begin PBXGroup section */
		60799AB6F3B26825A452AE01 /* Pods */ = {
			isa = PBXGroup;
			children = (
				B7DE6931F24503B76E9A382A /* Pods-Project.debug.xcconfig */,
				88C25BEDBC6E1194A9F7BA7D /* Pods-Project.release.xcconfig */,
			);
			path = Pods;
			sourceTree = "<group>";
		};
		7EDF58AB23A86C1CB7F8403B /* Frameworks */ = {
			isa = PBXGroup;
			children = (
				980E587EC5D843D3B8ED82AC /* Pods_Project.framework */,
			);
			name = Frameworks;
			sourceTree = "<group>";
		};
		FFC42C0F2AFB67E800935F5D = {
			isa = PBXGroup;
			children = (
				FFC42C1A2AFB67E800935F5D /* Project */,
				FFC42C192AFB67E800935F5D /* Products */,
				60799AB6F3B26825A452AE01 /* Pods */,
				7EDF58AB23A86C1CB7F8403B /* Frameworks */,
			);
			sourceTree = "<group>";
		};
		FFC42C192AFB67E800935F5D /* Products */ = {
			isa = PBXGroup;
			children = (
				FFC42C182AFB67E800935F5D /* Project.app */,
			);
			name = Products;
			sourceTree = "<group>";
		};
		FFC42C1A2AFB67E800935F5D /* Project */ = {
			isa = PBXGroup;
			children = (
				FFF55B022AFBAA8B0057FD98 /* models */,
				FFC42C1B2AFB67E800935F5D /* AppDelegate.swift */,
				FFC42C1D2AFB67E800935F5D /* SceneDelegate.swift */,
				FFC42C212AFB67E800935F5D /* Main.storyboard */,
				FFC42C242AFB67EA00935F5D /* Assets.xcassets */,
				FFC42C292AFB67EA00935F5D /* Info.plist */,
				FFC42C2F2AFB6DB600935F5D /* ProductViewController.swift */,
				FFC42C312AFB6DD900935F5D /* LikesViewController.swift */,
				FFC42C332AFB6DF400935F5D /* ProfileViewController.swift */,
				FFC42C352AFB754A00935F5D /* AppTabbarController.swift */,
				FFF55B002AFB9E530057FD98 /* LoginViewController.swift */,
				FFF55B052AFBB62C0057FD98 /* Util.swift */,
				FFF55B072AFBC1E30057FD98 /* WelcomeViewController.swift */,
			);
			path = Project;
			sourceTree = "<group>";
		};
		FFF55B022AFBAA8B0057FD98 /* models */ = {
			isa = PBXGroup;
			children = (
				FFF55B032AFBAB7F0057FD98 /* UserModel.swift */,
			);
			path = models;
			sourceTree = "<group>";
		};
/* End PBXGroup section */

/* Begin PBXNativeTarget section */
		FFC42C172AFB67E800935F5D /* Project */ = {
			isa = PBXNativeTarget;
			buildConfigurationList = FFC42C2C2AFB67EA00935F5D /* Build configuration list for PBXNativeTarget "Project" */;
			buildPhases = (
				11CF057FAA9722BC53921766 /* [CP] Check Pods Manifest.lock */,
				FFC42C142AFB67E800935F5D /* Sources */,
				FFC42C152AFB67E800935F5D /* Frameworks */,
				FFC42C162AFB67E800935F5D /* Resources */,
				F3DE2F6DF8C1EF6E48FB1E21 /* [CP] Embed Pods Frameworks */,
			);
			buildRules = (
			);
			dependencies = (
			);
			name = Project;
			productName = Project;
			productReference = FFC42C182AFB67E800935F5D /* Project.app */;
			productType = "com.apple.product-type.application";
		};
/* End PBXNativeTarget section */

/* Begin PBXProject section */
		FFC42C102AFB67E800935F5D /* Project object */ = {
			isa = PBXProject;
			attributes = {
				BuildIndependentTargetsInParallel = 1;
				LastSwiftUpdateCheck = 1420;
				LastUpgradeCheck = 1420;
				TargetAttributes = {
					FFC42C172AFB67E800935F5D = {
						CreatedOnToolsVersion = 14.2;
					};
				};
			};
			buildConfigurationList = FFC42C132AFB67E800935F5D /* Build configuration list for PBXProject "Project" */;
			compatibilityVersion = "Xcode 14.0";
			developmentRegion = en;
			hasScannedForEncodings = 0;
			knownRegions = (
				en,
				Base,
			);
			mainGroup = FFC42C0F2AFB67E800935F5D;
			productRefGroup = FFC42C192AFB67E800935F5D /* Products */;
			projectDirPath = "";
			projectRoot = "";
			targets = (
				FFC42C172AFB67E800935F5D /* Project */,
			);
		};
/* End PBXProject section */

/* Begin PBXResourcesBuildPhase section */
		FFC42C162AFB67E800935F5D /* Resources */ = {
			isa = PBXResourcesBuildPhase;
			buildActionMask = 2147483647;
			files = (
				FFC42C252AFB67EA00935F5D /* Assets.xcassets in Resources */,
				FFC42C232AFB67E800935F5D /* Main.storyboard in Resources */,
			);
			runOnlyForDeploymentPostprocessing = 0;
		};
/* End PBXResourcesBuildPhase section */

/* Begin PBXShellScriptBuildPhase section */
		11CF057FAA9722BC53921766 /* [CP] Check Pods Manifest.lock */ = {
			isa = PBXShellScriptBuildPhase;
			buildActionMask = 2147483647;
			files = (
			);
			inputFileListPaths = (
			);
			inputPaths = (
				"${PODS_PODFILE_DIR_PATH}/Podfile.lock",
				"${PODS_ROOT}/Manifest.lock",
			);
			name = "[CP] Check Pods Manifest.lock";
			outputFileListPaths = (
			);
			outputPaths = (
				"$(DERIVED_FILE_DIR)/Pods-Project-checkManifestLockResult.txt",
			);
			runOnlyForDeploymentPostprocessing = 0;
			shellPath = /bin/sh;
			shellScript = "diff \"${PODS_PODFILE_DIR_PATH}/Podfile.lock\" \"${PODS_ROOT}/Manifest.lock\" > /dev/null\nif [ $? != 0 ] ; then\n    # print error to STDERR\n    echo \"error: The sandbox is not in sync with the Podfile.lock. Run 'pod install' or update your CocoaPods installation.\" >&2\n    exit 1\nfi\n# This output is used by Xcode 'outputs' to avoid re-running this script phase.\necho \"SUCCESS\" > \"${SCRIPT_OUTPUT_FILE_0}\"\n";
			showEnvVarsInLog = 0;
		};
		F3DE2F6DF8C1EF6E48FB1E21 /* [CP] Embed Pods Frameworks */ = {
			isa = PBXShellScriptBuildPhase;
			buildActionMask = 2147483647;
			files = (
			);
			inputFileListPaths = (
				"${PODS_ROOT}/Target Support Files/Pods-Project/Pods-Project-frameworks-${CONFIGURATION}-input-files.xcfilelist",
			);
			name = "[CP] Embed Pods Frameworks";
			outputFileListPaths = (
				"${PODS_ROOT}/Target Support Files/Pods-Project/Pods-Project-frameworks-${CONFIGURATION}-output-files.xcfilelist",
			);
			runOnlyForDeploymentPostprocessing = 0;
			shellPath = /bin/sh;
			shellScript = "\"${PODS_ROOT}/Target Support Files/Pods-Project/Pods-Project-frameworks.sh\"\n";
			showEnvVarsInLog = 0;
		};
/* End PBXShellScriptBuildPhase section */

/* Begin PBXSourcesBuildPhase section */
		FFC42C142AFB67E800935F5D /* Sources */ = {
			isa = PBXSourcesBuildPhase;
			buildActionMask = 2147483647;
			files = (
				FFF55B012AFB9E530057FD98 /* LoginViewController.swift in Sources */,
				FFF55B082AFBC1E30057FD98 /* WelcomeViewController.swift in Sources */,
				FFF55B062AFBB62C0057FD98 /* Util.swift in Sources */,
				FFC42C302AFB6DB600935F5D /* ProductViewController.swift in Sources */,
				FFF55B042AFBAB7F0057FD98 /* UserModel.swift in Sources */,
				FFC42C1C2AFB67E800935F5D /* AppDelegate.swift in Sources */,
				FFC42C342AFB6DF400935F5D /* ProfileViewController.swift in Sources */,
				FFC42C362AFB754A00935F5D /* AppTabbarController.swift in Sources */,
				FFC42C1E2AFB67E800935F5D /* SceneDelegate.swift in Sources */,
				FFC42C322AFB6DD900935F5D /* LikesViewController.swift in Sources */,
			);
			runOnlyForDeploymentPostprocessing = 0;
		};
/* End PBXSourcesBuildPhase section */

/* Begin PBXVariantGroup section */
		FFC42C212AFB67E800935F5D /* Main.storyboard */ = {
			isa = PBXVariantGroup;
			children = (
				FFC42C222AFB67E800935F5D /* Base */,
			);
			name = Main.storyboard;
			sourceTree = "<group>";
		};
/* End PBXVariantGroup section */

/* Begin XCBuildConfiguration section */
		FFC42C2A2AFB67EA00935F5D /* Debug */ = {
			isa = XCBuildConfiguration;
			buildSettings = {
				ALWAYS_SEARCH_USER_PATHS = NO;
				CLANG_ANALYZER_NONNULL = YES;
				CLANG_ANALYZER_NUMBER_OBJECT_CONVERSION = YES_AGGRESSIVE;
				CLANG_CXX_LANGUAGE_STANDARD = "gnu++20";
				CLANG_ENABLE_MODULES = YES;
				CLANG_ENABLE_OBJC_ARC = YES;
				CLANG_ENABLE_OBJC_WEAK = YES;
				CLANG_WARN_BLOCK_CAPTURE_AUTORELEASING = YES;
				CLANG_WARN_BOOL_CONVERSION = YES;
				CLANG_WARN_COMMA = YES;
				CLANG_WARN_CONSTANT_CONVERSION = YES;
				CLANG_WARN_DEPRECATED_OBJC_IMPLEMENTATIONS = YES;
				CLANG_WARN_DIRECT_OBJC_ISA_USAGE = YES_ERROR;
				CLANG_WARN_DOCUMENTATION_COMMENTS = YES;
				CLANG_WARN_EMPTY_BODY = YES;
				CLANG_WARN_ENUM_CONVERSION = YES;
				CLANG_WARN_INFINITE_RECURSION = YES;
				CLANG_WARN_INT_CONVERSION = YES;
				CLANG_WARN_NON_LITERAL_NULL_CONVERSION = YES;
				CLANG_WARN_OBJC_IMPLICIT_RETAIN_SELF = YES;
				CLANG_WARN_OBJC_LITERAL_CONVERSION = YES;
				CLANG_WARN_OBJC_ROOT_CLASS = YES_ERROR;
				CLANG_WARN_QUOTED_INCLUDE_IN_FRAMEWORK_HEADER = YES;
				CLANG_WARN_RANGE_LOOP_ANALYSIS = YES;
				CLANG_WARN_STRICT_PROTOTYPES = YES;
				CLANG_WARN_SUSPICIOUS_MOVE = YES;
				CLANG_WARN_UNGUARDED_AVAILABILITY = YES_AGGRESSIVE;
				CLANG_WARN_UNREACHABLE_CODE = YES;
				CLANG_WARN__DUPLICATE_METHOD_MATCH = YES;
				COPY_PHASE_STRIP = NO;
				DEBUG_INFORMATION_FORMAT = dwarf;
				ENABLE_STRICT_OBJC_MSGSEND = YES;
				ENABLE_TESTABILITY = YES;
				GCC_C_LANGUAGE_STANDARD = gnu11;
				GCC_DYNAMIC_NO_PIC = NO;
				GCC_NO_COMMON_BLOCKS = YES;
				GCC_OPTIMIZATION_LEVEL = 0;
				GCC_PREPROCESSOR_DEFINITIONS = (
					"DEBUG=1",
					"$(inherited)",
				);
				GCC_WARN_64_TO_32_BIT_CONVERSION = YES;
				GCC_WARN_ABOUT_RETURN_TYPE = YES_ERROR;
				GCC_WARN_UNDECLARED_SELECTOR = YES;
				GCC_WARN_UNINITIALIZED_AUTOS = YES_AGGRESSIVE;
				GCC_WARN_UNUSED_FUNCTION = YES;
				GCC_WARN_UNUSED_VARIABLE = YES;
				IPHONEOS_DEPLOYMENT_TARGET = 16.2;
				MTL_ENABLE_DEBUG_INFO = INCLUDE_SOURCE;
				MTL_FAST_MATH = YES;
				ONLY_ACTIVE_ARCH = YES;
				SDKROOT = iphoneos;
				SWIFT_ACTIVE_COMPILATION_CONDITIONS = DEBUG;
				SWIFT_OPTIMIZATION_LEVEL = "-Onone";
			};
			name = Debug;
		};
		FFC42C2B2AFB67EA00935F5D /* Release */ = {
			isa = XCBuildConfiguration;
			buildSettings = {
				ALWAYS_SEARCH_USER_PATHS = NO;
				CLANG_ANALYZER_NONNULL = YES;
				CLANG_ANALYZER_NUMBER_OBJECT_CONVERSION = YES_AGGRESSIVE;
				CLANG_CXX_LANGUAGE_STANDARD = "gnu++20";
				CLANG_ENABLE_MODULES = YES;
				CLANG_ENABLE_OBJC_ARC = YES;
				CLANG_ENABLE_OBJC_WEAK = YES;
				CLANG_WARN_BLOCK_CAPTURE_AUTORELEASING = YES;
				CLANG_WARN_BOOL_CONVERSION = YES;
				CLANG_WARN_COMMA = YES;
				CLANG_WARN_CONSTANT_CONVERSION = YES;
				CLANG_WARN_DEPRECATED_OBJC_IMPLEMENTATIONS = YES;
				CLANG_WARN_DIRECT_OBJC_ISA_USAGE = YES_ERROR;
				CLANG_WARN_DOCUMENTATION_COMMENTS = YES;
				CLANG_WARN_EMPTY_BODY = YES;
				CLANG_WARN_ENUM_CONVERSION = YES;
				CLANG_WARN_INFINITE_RECURSION = YES;
				CLANG_WARN_INT_CONVERSION = YES;
				CLANG_WARN_NON_LITERAL_NULL_CONVERSION = YES;
				CLANG_WARN_OBJC_IMPLICIT_RETAIN_SELF = YES;
				CLANG_WARN_OBJC_LITERAL_CONVERSION = YES;
				CLANG_WARN_OBJC_ROOT_CLASS = YES_ERROR;
				CLANG_WARN_QUOTED_INCLUDE_IN_FRAMEWORK_HEADER = YES;
				CLANG_WARN_RANGE_LOOP_ANALYSIS = YES;
				CLANG_WARN_STRICT_PROTOTYPES = YES;
				CLANG_WARN_SUSPICIOUS_MOVE = YES;
				CLANG_WARN_UNGUARDED_AVAILABILITY = YES_AGGRESSIVE;
				CLANG_WARN_UNREACHABLE_CODE = YES;
				CLANG_WARN__DUPLICATE_METHOD_MATCH = YES;
				COPY_PHASE_STRIP = NO;
				DEBUG_INFORMATION_FORMAT = "dwarf-with-dsym";
				ENABLE_NS_ASSERTIONS = NO;
				ENABLE_STRICT_OBJC_MSGSEND = YES;
				GCC_C_LANGUAGE_STANDARD = gnu11;
				GCC_NO_COMMON_BLOCKS = YES;
				GCC_WARN_64_TO_32_BIT_CONVERSION = YES;
				GCC_WARN_ABOUT_RETURN_TYPE = YES_ERROR;
				GCC_WARN_UNDECLARED_SELECTOR = YES;
				GCC_WARN_UNINITIALIZED_AUTOS = YES_AGGRESSIVE;
				GCC_WARN_UNUSED_FUNCTION = YES;
				GCC_WARN_UNUSED_VARIABLE = YES;
				IPHONEOS_DEPLOYMENT_TARGET = 16.2;
				MTL_ENABLE_DEBUG_INFO = NO;
				MTL_FAST_MATH = YES;
				SDKROOT = iphoneos;
				SWIFT_COMPILATION_MODE = wholemodule;
				SWIFT_OPTIMIZATION_LEVEL = "-O";
				VALIDATE_PRODUCT = YES;
			};
			name = Release;
		};
		FFC42C2D2AFB67EA00935F5D /* Debug */ = {
			isa = XCBuildConfiguration;
			baseConfigurationReference = B7DE6931F24503B76E9A382A /* Pods-Project.debug.xcconfig */;
			buildSettings = {
				ASSETCATALOG_COMPILER_APPICON_NAME = AppIcon;
				ASSETCATALOG_COMPILER_GLOBAL_ACCENT_COLOR_NAME = AccentColor;
				CODE_SIGN_STYLE = Automatic;
				CURRENT_PROJECT_VERSION = 1;
				GENERATE_INFOPLIST_FILE = YES;
				INFOPLIST_FILE = Project/Info.plist;
				INFOPLIST_KEY_UIApplicationSupportsIndirectInputEvents = YES;
				INFOPLIST_KEY_UILaunchStoryboardName = Main.storyboard;
				INFOPLIST_KEY_UIMainStoryboardFile = Main;
				INFOPLIST_KEY_UISupportedInterfaceOrientations = UIInterfaceOrientationPortrait;
				INFOPLIST_KEY_UISupportedInterfaceOrientations_iPad = "UIInterfaceOrientationLandscapeLeft UIInterfaceOrientationLandscapeRight UIInterfaceOrientationPortrait UIInterfaceOrientationPortraitUpsideDown";
				LD_RUNPATH_SEARCH_PATHS = (
					"$(inherited)",
					"@executable_path/Frameworks",
				);
				MARKETING_VERSION = 1.0;
				PRODUCT_BUNDLE_IDENTIFIER = com.hakan.Project;
				PRODUCT_NAME = "$(TARGET_NAME)";
				SWIFT_EMIT_LOC_STRINGS = YES;
				SWIFT_VERSION = 5.0;
				TARGETED_DEVICE_FAMILY = "1,2";
			};
			name = Debug;
		};
		FFC42C2E2AFB67EA00935F5D /* Release */ = {
			isa = XCBuildConfiguration;
			baseConfigurationReference = 88C25BEDBC6E1194A9F7BA7D /* Pods-Project.release.xcconfig */;
			buildSettings = {
				ASSETCATALOG_COMPILER_APPICON_NAME = AppIcon;
				ASSETCATALOG_COMPILER_GLOBAL_ACCENT_COLOR_NAME = AccentColor;
				CODE_SIGN_STYLE = Automatic;
				CURRENT_PROJECT_VERSION = 1;
				GENERATE_INFOPLIST_FILE = YES;
				INFOPLIST_FILE = Project/Info.plist;
				INFOPLIST_KEY_UIApplicationSupportsIndirectInputEvents = YES;
				INFOPLIST_KEY_UILaunchStoryboardName = Main.storyboard;
				INFOPLIST_KEY_UIMainStoryboardFile = Main;
				INFOPLIST_KEY_UISupportedInterfaceOrientations = UIInterfaceOrientationPortrait;
				INFOPLIST_KEY_UISupportedInterfaceOrientations_iPad = "UIInterfaceOrientationLandscapeLeft UIInterfaceOrientationLandscapeRight UIInterfaceOrientationPortrait UIInterfaceOrientationPortraitUpsideDown";
				LD_RUNPATH_SEARCH_PATHS = (
					"$(inherited)",
					"@executable_path/Frameworks",
				);
				MARKETING_VERSION = 1.0;
				PRODUCT_BUNDLE_IDENTIFIER = com.hakan.Project;
				PRODUCT_NAME = "$(TARGET_NAME)";
				SWIFT_EMIT_LOC_STRINGS = YES;
				SWIFT_VERSION = 5.0;
				TARGETED_DEVICE_FAMILY = "1,2";
			};
			name = Release;
		};
/* End XCBuildConfiguration section */

/* Begin XCConfigurationList section */
		FFC42C132AFB67E800935F5D /* Build configuration list for PBXProject "Project" */ = {
			isa = XCConfigurationList;
			buildConfigurations = (
				FFC42C2A2AFB67EA00935F5D /* Debug */,
				FFC42C2B2AFB67EA00935F5D /* Release */,
			);
			defaultConfigurationIsVisible = 0;
			defaultConfigurationName = Release;
		};
		FFC42C2C2AFB67EA00935F5D /* Build configuration list for PBXNativeTarget "Project" */ = {
			isa = XCConfigurationList;
			buildConfigurations = (
				FFC42C2D2AFB67EA00935F5D /* Debug */,
				FFC42C2E2AFB67EA00935F5D /* Release */,
			);
			defaultConfigurationIsVisible = 0;
			defaultConfigurationName = Release;
		};
/* End XCConfigurationList section */
	};
	rootObject = FFC42C102AFB67E800935F5D /* Project object */;
}
